// !$*UTF8*$!
{
	archiveVersion = 1;
	classes = {
	};
	objectVersion = 55;
	objects = {

/* Begin PBXBuildFile section */
		ECA0632B282F8CF100DB581F /* AppDelegate.swift in Sources */ = {isa = PBXBuildFile; fileRef = ECA0632A282F8CF100DB581F /* AppDelegate.swift */; };
		ECA0632D282F8CF100DB581F /* SceneDelegate.swift in Sources */ = {isa = PBXBuildFile; fileRef = ECA0632C282F8CF100DB581F /* SceneDelegate.swift */; };
		ECA0632F282F8CF100DB581F /* ViewController.swift in Sources */ = {isa = PBXBuildFile; fileRef = ECA0632E282F8CF100DB581F /* ViewController.swift */; };
		ECA06332282F8CF100DB581F /* Main.storyboard in Resources */ = {isa = PBXBuildFile; fileRef = ECA06330282F8CF100DB581F /* Main.storyboard */; };
		ECA06334282F8CF300DB581F /* Assets.xcassets in Resources */ = {isa = PBXBuildFile; fileRef = ECA06333282F8CF300DB581F /* Assets.xcassets */; };
		ECA06337282F8CF300DB581F /* LaunchScreen.storyboard in Resources */ = {isa = PBXBuildFile; fileRef = ECA06335282F8CF300DB581F /* LaunchScreen.storyboard */; };
		ECA06342282F8CF300DB581F /* ExtensionsTests.swift in Sources */ = {isa = PBXBuildFile; fileRef = ECA06341282F8CF300DB581F /* ExtensionsTests.swift */; };
		ECA0634C282F8CF300DB581F /* ExtensionsUITests.swift in Sources */ = {isa = PBXBuildFile; fileRef = ECA0634B282F8CF300DB581F /* ExtensionsUITests.swift */; };
		ECA0634E282F8CF300DB581F /* ExtensionsUITestsLaunchTests.swift in Sources */ = {isa = PBXBuildFile; fileRef = ECA0634D282F8CF300DB581F /* ExtensionsUITestsLaunchTests.swift */; };
		ECE23D6E282F8F4500543C9D /* Int+Extension.swift in Sources */ = {isa = PBXBuildFile; fileRef = ECE23D6D282F8F4500543C9D /* Int+Extension.swift */; };
/* End PBXBuildFile section */

/* Begin PBXContainerItemProxy section */
		ECA0633E282F8CF300DB581F /* PBXContainerItemProxy */ = {
			isa = PBXContainerItemProxy;
			containerPortal = ECA0631F282F8CF100DB581F /* Project object */;
			proxyType = 1;
			remoteGlobalIDString = ECA06326282F8CF100DB581F;
			remoteInfo = Extensions;
		};
		ECA06348282F8CF300DB581F /* PBXContainerItemProxy */ = {
			isa = PBXContainerItemProxy;
			containerPortal = ECA0631F282F8CF100DB581F /* Project object */;
			proxyType = 1;
			remoteGlobalIDString = ECA06326282F8CF100DB581F;
			remoteInfo = Extensions;
		};
/* End PBXContainerItemProxy section */

/* Begin PBXFileReference section */
		ECA06327282F8CF100DB581F /* Extensions.app */ = {isa = PBXFileReference; explicitFileType = wrapper.application; includeInIndex = 0; path = Extensions.app; sourceTree = BUILT_PRODUCTS_DIR; };
		ECA0632A282F8CF100DB581F /* AppDelegate.swift */ = {isa = PBXFileReference; lastKnownFileType = sourcecode.swift; path = AppDelegate.swift; sourceTree = "<group>"; };
		ECA0632C282F8CF100DB581F /* SceneDelegate.swift */ = {isa = PBXFileReference; lastKnownFileType = sourcecode.swift; path = SceneDelegate.swift; sourceTree = "<group>"; };
		ECA0632E282F8CF100DB581F /* ViewController.swift */ = {isa = PBXFileReference; lastKnownFileType = sourcecode.swift; path = ViewController.swift; sourceTree = "<group>"; };
		ECA06331282F8CF100DB581F /* Base */ = {isa = PBXFileReference; lastKnownFileType = file.storyboard; name = Base; path = Base.lproj/Main.storyboard; sourceTree = "<group>"; };
		ECA06333282F8CF300DB581F /* Assets.xcassets */ = {isa = PBXFileReference; lastKnownFileType = folder.assetcatalog; path = Assets.xcassets; sourceTree = "<group>"; };
		ECA06336282F8CF300DB581F /* Base */ = {isa = PBXFileReference; lastKnownFileType = file.storyboard; name = Base; path = Base.lproj/LaunchScreen.storyboard; sourceTree = "<group>"; };
		ECA06338282F8CF300DB581F /* Info.plist */ = {isa = PBXFileReference; lastKnownFileType = text.plist.xml; path = Info.plist; sourceTree = "<group>"; };
		ECA0633D282F8CF300DB581F /* ExtensionsTests.xctest */ = {isa = PBXFileReference; explicitFileType = wrapper.cfbundle; includeInIndex = 0; path = ExtensionsTests.xctest; sourceTree = BUILT_PRODUCTS_DIR; };
		ECA06341282F8CF300DB581F /* ExtensionsTests.swift */ = {isa = PBXFileReference; lastKnownFileType = sourcecode.swift; path = ExtensionsTests.swift; sourceTree = "<group>"; };
		ECA06347282F8CF300DB581F /* ExtensionsUITests.xctest */ = {isa = PBXFileReference; explicitFileType = wrapper.cfbundle; includeInIndex = 0; path = ExtensionsUITests.xctest; sourceTree = BUILT_PRODUCTS_DIR; };
		ECA0634B282F8CF300DB581F /* ExtensionsUITests.swift */ = {isa = PBXFileReference; lastKnownFileType = sourcecode.swift; path = ExtensionsUITests.swift; sourceTree = "<group>"; };
		ECA0634D282F8CF300DB581F /* ExtensionsUITestsLaunchTests.swift */ = {isa = PBXFileReference; lastKnownFileType = sourcecode.swift; path = ExtensionsUITestsLaunchTests.swift; sourceTree = "<group>"; };
		ECE23D6D282F8F4500543C9D /* Int+Extension.swift */ = {isa = PBXFileReference; lastKnownFileType = sourcecode.swift; path = "Int+Extension.swift"; sourceTree = "<group>"; };
/* End PBXFileReference section */

/* Begin PBXFrameworksBuildPhase section */
		ECA06324282F8CF100DB581F /* Frameworks */ = {
			isa = PBXFrameworksBuildPhase;
			buildActionMask = 2147483647;
			files = (
			);
			runOnlyForDeploymentPostprocessing = 0;
		};
		ECA0633A282F8CF300DB581F /* Frameworks */ = {
			isa = PBXFrameworksBuildPhase;
			buildActionMask = 2147483647;
			files = (
			);
			runOnlyForDeploymentPostprocessing = 0;
		};
		ECA06344282F8CF300DB581F /* Frameworks */ = {
			isa = PBXFrameworksBuildPhase;
			buildActionMask = 2147483647;
			files = (
			);
			runOnlyForDeploymentPostprocessing = 0;
		};
/* End PBXFrameworksBuildPhase section */

/* Begin PBXGroup section */
		ECA0631E282F8CF100DB581F = {
			isa = PBXGroup;
			children = (
				ECA06329282F8CF100DB581F /* Extensions */,
				ECA06340282F8CF300DB581F /* ExtensionsTests */,
				ECA0634A282F8CF300DB581F /* ExtensionsUITests */,
				ECA06328282F8CF100DB581F /* Products */,
			);
			sourceTree = "<group>";
		};
		ECA06328282F8CF100DB581F /* Products */ = {
			isa = PBXGroup;
			children = (
				ECA06327282F8CF100DB581F /* Extensions.app */,
				ECA0633D282F8CF300DB581F /* ExtensionsTests.xctest */,
				ECA06347282F8CF300DB581F /* ExtensionsUITests.xctest */,
			);
			name = Products;
			sourceTree = "<group>";
		};
		ECA06329282F8CF100DB581F /* Extensions */ = {
			isa = PBXGroup;
			children = (
				ECA0632A282F8CF100DB581F /* AppDelegate.swift */,
				ECA0632C282F8CF100DB581F /* SceneDelegate.swift */,
				ECA0632E282F8CF100DB581F /* ViewController.swift */,
				ECA0635B282F8D2700DB581F /* Extension */,
				ECA0635A282F8D1A00DB581F /* Source */,
			);
			path = Extensions;
			sourceTree = "<group>";
		};
		ECA06340282F8CF300DB581F /* ExtensionsTests */ = {
			isa = PBXGroup;
			children = (
				ECA06341282F8CF300DB581F /* ExtensionsTests.swift */,
			);
			path = ExtensionsTests;
			sourceTree = "<group>";
		};
		ECA0634A282F8CF300DB581F /* ExtensionsUITests */ = {
			isa = PBXGroup;
			children = (
				ECA0634B282F8CF300DB581F /* ExtensionsUITests.swift */,
				ECA0634D282F8CF300DB581F /* ExtensionsUITestsLaunchTests.swift */,
			);
			path = ExtensionsUITests;
			sourceTree = "<group>";
		};
		ECA0635A282F8D1A00DB581F /* Source */ = {
			isa = PBXGroup;
			children = (
				ECA06330282F8CF100DB581F /* Main.storyboard */,
				ECA06333282F8CF300DB581F /* Assets.xcassets */,
				ECA06335282F8CF300DB581F /* LaunchScreen.storyboard */,
				ECA06338282F8CF300DB581F /* Info.plist */,
			);
			path = Source;
			sourceTree = "<group>";
		};
		ECA0635B282F8D2700DB581F /* Extension */ = {
			isa = PBXGroup;
			children = (
				ECE23D6D282F8F4500543C9D /* Int+Extension.swift */,
			);
			path = Extension;
			sourceTree = "<group>";
		};
/* End PBXGroup section */

/* Begin PBXNativeTarget section */
		ECA06326282F8CF100DB581F /* Extensions */ = {
			isa = PBXNativeTarget;
			buildConfigurationList = ECA06351282F8CF300DB581F /* Build configuration list for PBXNativeTarget "Extensions" */;
			buildPhases = (
				ECA06323282F8CF100DB581F /* Sources */,
				ECA06324282F8CF100DB581F /* Frameworks */,
				ECA06325282F8CF100DB581F /* Resources */,
			);
			buildRules = (
			);
			dependencies = (
			);
			name = Extensions;
			productName = Extensions;
			productReference = ECA06327282F8CF100DB581F /* Extensions.app */;
			productType = "com.apple.product-type.application";
		};
		ECA0633C282F8CF300DB581F /* ExtensionsTests */ = {
			isa = PBXNativeTarget;
			buildConfigurationList = ECA06354282F8CF300DB581F /* Build configuration list for PBXNativeTarget "ExtensionsTests" */;
			buildPhases = (
				ECA06339282F8CF300DB581F /* Sources */,
				ECA0633A282F8CF300DB581F /* Frameworks */,
				ECA0633B282F8CF300DB581F /* Resources */,
			);
			buildRules = (
			);
			dependencies = (
				ECA0633F282F8CF300DB581F /* PBXTargetDependency */,
			);
			name = ExtensionsTests;
			productName = ExtensionsTests;
			productReference = ECA0633D282F8CF300DB581F /* ExtensionsTests.xctest */;
			productType = "com.apple.product-type.bundle.unit-test";
		};
		ECA06346282F8CF300DB581F /* ExtensionsUITests */ = {
			isa = PBXNativeTarget;
			buildConfigurationList = ECA06357282F8CF300DB581F /* Build configuration list for PBXNativeTarget "ExtensionsUITests" */;
			buildPhases = (
				ECA06343282F8CF300DB581F /* Sources */,
				ECA06344282F8CF300DB581F /* Frameworks */,
				ECA06345282F8CF300DB581F /* Resources */,
			);
			buildRules = (
			);
			dependencies = (
				ECA06349282F8CF300DB581F /* PBXTargetDependency */,
			);
			name = ExtensionsUITests;
			productName = ExtensionsUITests;
			productReference = ECA06347282F8CF300DB581F /* ExtensionsUITests.xctest */;
			productType = "com.apple.product-type.bundle.ui-testing";
		};
/* End PBXNativeTarget section */

/* Begin PBXProject section */
		ECA0631F282F8CF100DB581F /* Project object */ = {
			isa = PBXProject;
			attributes = {
				BuildIndependentTargetsInParallel = 1;
				LastSwiftUpdateCheck = 1330;
				LastUpgradeCheck = 1330;
				TargetAttributes = {
					ECA06326282F8CF100DB581F = {
						CreatedOnToolsVersion = 13.3.1;
					};
					ECA0633C282F8CF300DB581F = {
						CreatedOnToolsVersion = 13.3.1;
						TestTargetID = ECA06326282F8CF100DB581F;
					};
					ECA06346282F8CF300DB581F = {
						CreatedOnToolsVersion = 13.3.1;
						TestTargetID = ECA06326282F8CF100DB581F;
					};
				};
			};
			buildConfigurationList = ECA06322282F8CF100DB581F /* Build configuration list for PBXProject "Extensions" */;
			compatibilityVersion = "Xcode 13.0";
			developmentRegion = en;
			hasScannedForEncodings = 0;
			knownRegions = (
				en,
				Base,
			);
			mainGroup = ECA0631E282F8CF100DB581F;
			productRefGroup = ECA06328282F8CF100DB581F /* Products */;
			projectDirPath = "";
			projectRoot = "";
			targets = (
				ECA06326282F8CF100DB581F /* Extensions */,
				ECA0633C282F8CF300DB581F /* ExtensionsTests */,
				ECA06346282F8CF300DB581F /* ExtensionsUITests */,
			);
		};
/* End PBXProject section */

/* Begin PBXResourcesBuildPhase section */
		ECA06325282F8CF100DB581F /* Resources */ = {
			isa = PBXResourcesBuildPhase;
			buildActionMask = 2147483647;
			files = (
				ECA06337282F8CF300DB581F /* LaunchScreen.storyboard in Resources */,
				ECA06334282F8CF300DB581F /* Assets.xcassets in Resources */,
				ECA06332282F8CF100DB581F /* Main.storyboard in Resources */,
			);
			runOnlyForDeploymentPostprocessing = 0;
		};
		ECA0633B282F8CF300DB581F /* Resources */ = {
			isa = PBXResourcesBuildPhase;
			buildActionMask = 2147483647;
			files = (
			);
			runOnlyForDeploymentPostprocessing = 0;
		};
		ECA06345282F8CF300DB581F /* Resources */ = {
			isa = PBXResourcesBuildPhase;
			buildActionMask = 2147483647;
			files = (
			);
			runOnlyForDeploymentPostprocessing = 0;
		};
/* End PBXResourcesBuildPhase section */

/* Begin PBXSourcesBuildPhase section */
		ECA06323282F8CF100DB581F /* Sources */ = {
			isa = PBXSourcesBuildPhase;
			buildActionMask = 2147483647;
			files = (
				ECE23D6E282F8F4500543C9D /* Int+Extension.swift in Sources */,
				ECA0632F282F8CF100DB581F /* ViewController.swift in Sources */,
				ECA0632B282F8CF100DB581F /* AppDelegate.swift in Sources */,
				ECA0632D282F8CF100DB581F /* SceneDelegate.swift in Sources */,
			);
			runOnlyForDeploymentPostprocessing = 0;
		};
		ECA06339282F8CF300DB581F /* Sources */ = {
			isa = PBXSourcesBuildPhase;
			buildActionMask = 2147483647;
			files = (
				ECA06342282F8CF300DB581F /* ExtensionsTests.swift in Sources */,
			);
			runOnlyForDeploymentPostprocessing = 0;
		};
		ECA06343282F8CF300DB581F /* Sources */ = {
			isa = PBXSourcesBuildPhase;
			buildActionMask = 2147483647;
			files = (
				ECA0634E282F8CF300DB581F /* ExtensionsUITestsLaunchTests.swift in Sources */,
				ECA0634C282F8CF300DB581F /* ExtensionsUITests.swift in Sources */,
			);
			runOnlyForDeploymentPostprocessing = 0;
		};
/* End PBXSourcesBuildPhase section */

/* Begin PBXTargetDependency section */
		ECA0633F282F8CF300DB581F /* PBXTargetDependency */ = {
			isa = PBXTargetDependency;
			target = ECA06326282F8CF100DB581F /* Extensions */;
			targetProxy = ECA0633E282F8CF300DB581F /* PBXContainerItemProxy */;
		};
		ECA06349282F8CF300DB581F /* PBXTargetDependency */ = {
			isa = PBXTargetDependency;
			target = ECA06326282F8CF100DB581F /* Extensions */;
			targetProxy = ECA06348282F8CF300DB581F /* PBXContainerItemProxy */;
		};
/* End PBXTargetDependency section */

/* Begin PBXVariantGroup section */
		ECA06330282F8CF100DB581F /* Main.storyboard */ = {
			isa = PBXVariantGroup;
			children = (
				ECA06331282F8CF100DB581F /* Base */,
			);
			name = Main.storyboard;
			sourceTree = "<group>";
		};
		ECA06335282F8CF300DB581F /* LaunchScreen.storyboard */ = {
			isa = PBXVariantGroup;
			children = (
				ECA06336282F8CF300DB581F /* Base */,
			);
			name = LaunchScreen.storyboard;
			sourceTree = "<group>";
		};
/* End PBXVariantGroup section */

/* Begin XCBuildConfiguration section */
		ECA0634F282F8CF300DB581F /* Debug */ = {
			isa = XCBuildConfiguration;
			buildSettings = {
				ALWAYS_SEARCH_USER_PATHS = NO;
				CLANG_ANALYZER_NONNULL = YES;
				CLANG_ANALYZER_NUMBER_OBJECT_CONVERSION = YES_AGGRESSIVE;
				CLANG_CXX_LANGUAGE_STANDARD = "gnu++17";
				CLANG_ENABLE_MODULES = YES;
				CLANG_ENABLE_OBJC_ARC = YES;
				CLANG_ENABLE_OBJC_WEAK = YES;
				CLANG_WARN_BLOCK_CAPTURE_AUTORELEASING = YES;
				CLANG_WARN_BOOL_CONVERSION = YES;
				CLANG_WARN_COMMA = YES;
				CLANG_WARN_CONSTANT_CONVERSION = YES;
				CLANG_WARN_DEPRECATED_OBJC_IMPLEMENTATIONS = YES;
				CLANG_WARN_DIRECT_OBJC_ISA_USAGE = YES_ERROR;
				CLANG_WARN_DOCUMENTATION_COMMENTS = YES;
				CLANG_WARN_EMPTY_BODY = YES;
				CLANG_WARN_ENUM_CONVERSION = YES;
				CLANG_WARN_INFINITE_RECURSION = YES;
				CLANG_WARN_INT_CONVERSION = YES;
				CLANG_WARN_NON_LITERAL_NULL_CONVERSION = YES;
				CLANG_WARN_OBJC_IMPLICIT_RETAIN_SELF = YES;
				CLANG_WARN_OBJC_LITERAL_CONVERSION = YES;
				CLANG_WARN_OBJC_ROOT_CLASS = YES_ERROR;
				CLANG_WARN_QUOTED_INCLUDE_IN_FRAMEWORK_HEADER = YES;
				CLANG_WARN_RANGE_LOOP_ANALYSIS = YES;
				CLANG_WARN_STRICT_PROTOTYPES = YES;
				CLANG_WARN_SUSPICIOUS_MOVE = YES;
				CLANG_WARN_UNGUARDED_AVAILABILITY = YES_AGGRESSIVE;
				CLANG_WARN_UNREACHABLE_CODE = YES;
				CLANG_WARN__DUPLICATE_METHOD_MATCH = YES;
				COPY_PHASE_STRIP = NO;
				DEBUG_INFORMATION_FORMAT = dwarf;
				ENABLE_STRICT_OBJC_MSGSEND = YES;
				ENABLE_TESTABILITY = YES;
				GCC_C_LANGUAGE_STANDARD = gnu11;
				GCC_DYNAMIC_NO_PIC = NO;
				GCC_NO_COMMON_BLOCKS = YES;
				GCC_OPTIMIZATION_LEVEL = 0;
				GCC_PREPROCESSOR_DEFINITIONS = (
					"DEBUG=1",
					"$(inherited)",
				);
				GCC_WARN_64_TO_32_BIT_CONVERSION = YES;
				GCC_WARN_ABOUT_RETURN_TYPE = YES_ERROR;
				GCC_WARN_UNDECLARED_SELECTOR = YES;
				GCC_WARN_UNINITIALIZED_AUTOS = YES_AGGRESSIVE;
				GCC_WARN_UNUSED_FUNCTION = YES;
				GCC_WARN_UNUSED_VARIABLE = YES;
				IPHONEOS_DEPLOYMENT_TARGET = 15.4;
				MTL_ENABLE_DEBUG_INFO = INCLUDE_SOURCE;
				MTL_FAST_MATH = YES;
				ONLY_ACTIVE_ARCH = YES;
				SDKROOT = iphoneos;
				SWIFT_ACTIVE_COMPILATION_CONDITIONS = DEBUG;
				SWIFT_OPTIMIZATION_LEVEL = "-Onone";
			};
			name = Debug;
		};
		ECA06350282F8CF300DB581F /* Release */ = {
			isa = XCBuildConfiguration;
			buildSettings = {
				ALWAYS_SEARCH_USER_PATHS = NO;
				CLANG_ANALYZER_NONNULL = YES;
				CLANG_ANALYZER_NUMBER_OBJECT_CONVERSION = YES_AGGRESSIVE;
				CLANG_CXX_LANGUAGE_STANDARD = "gnu++17";
				CLANG_ENABLE_MODULES = YES;
				CLANG_ENABLE_OBJC_ARC = YES;
				CLANG_ENABLE_OBJC_WEAK = YES;
				CLANG_WARN_BLOCK_CAPTURE_AUTORELEASING = YES;
				CLANG_WARN_BOOL_CONVERSION = YES;
				CLANG_WARN_COMMA = YES;
				CLANG_WARN_CONSTANT_CONVERSION = YES;
				CLANG_WARN_DEPRECATED_OBJC_IMPLEMENTATIONS = YES;
				CLANG_WARN_DIRECT_OBJC_ISA_USAGE = YES_ERROR;
				CLANG_WARN_DOCUMENTATION_COMMENTS = YES;
				CLANG_WARN_EMPTY_BODY = YES;
				CLANG_WARN_ENUM_CONVERSION = YES;
				CLANG_WARN_INFINITE_RECURSION = YES;
				CLANG_WARN_INT_CONVERSION = YES;
				CLANG_WARN_NON_LITERAL_NULL_CONVERSION = YES;
				CLANG_WARN_OBJC_IMPLICIT_RETAIN_SELF = YES;
				CLANG_WARN_OBJC_LITERAL_CONVERSION = YES;
				CLANG_WARN_OBJC_ROOT_CLASS = YES_ERROR;
				CLANG_WARN_QUOTED_INCLUDE_IN_FRAMEWORK_HEADER = YES;
				CLANG_WARN_RANGE_LOOP_ANALYSIS = YES;
				CLANG_WARN_STRICT_PROTOTYPES = YES;
				CLANG_WARN_SUSPICIOUS_MOVE = YES;
				CLANG_WARN_UNGUARDED_AVAILABILITY = YES_AGGRESSIVE;
				CLANG_WARN_UNREACHABLE_CODE = YES;
				CLANG_WARN__DUPLICATE_METHOD_MATCH = YES;
				COPY_PHASE_STRIP = NO;
				DEBUG_INFORMATION_FORMAT = "dwarf-with-dsym";
				ENABLE_NS_ASSERTIONS = NO;
				ENABLE_STRICT_OBJC_MSGSEND = YES;
				GCC_C_LANGUAGE_STANDARD = gnu11;
				GCC_NO_COMMON_BLOCKS = YES;
				GCC_WARN_64_TO_32_BIT_CONVERSION = YES;
				GCC_WARN_ABOUT_RETURN_TYPE = YES_ERROR;
				GCC_WARN_UNDECLARED_SELECTOR = YES;
				GCC_WARN_UNINITIALIZED_AUTOS = YES_AGGRESSIVE;
				GCC_WARN_UNUSED_FUNCTION = YES;
				GCC_WARN_UNUSED_VARIABLE = YES;
				IPHONEOS_DEPLOYMENT_TARGET = 15.4;
				MTL_ENABLE_DEBUG_INFO = NO;
				MTL_FAST_MATH = YES;
				SDKROOT = iphoneos;
				SWIFT_COMPILATION_MODE = wholemodule;
				SWIFT_OPTIMIZATION_LEVEL = "-O";
				VALIDATE_PRODUCT = YES;
			};
			name = Release;
		};
		ECA06352282F8CF300DB581F /* Debug */ = {
			isa = XCBuildConfiguration;
			buildSettings = {
				ASSETCATALOG_COMPILER_APPICON_NAME = AppIcon;
				ASSETCATALOG_COMPILER_GLOBAL_ACCENT_COLOR_NAME = AccentColor;
				CODE_SIGN_STYLE = Automatic;
				CURRENT_PROJECT_VERSION = 1;
				DEVELOPMENT_TEAM = XLY67UA89A;
				GENERATE_INFOPLIST_FILE = YES;
				INFOPLIST_FILE = Extensions/Source/Info.plist;
				INFOPLIST_KEY_UIApplicationSupportsIndirectInputEvents = YES;
				INFOPLIST_KEY_UILaunchStoryboardName = LaunchScreen;
				INFOPLIST_KEY_UIMainStoryboardFile = Main;
				INFOPLIST_KEY_UISupportedInterfaceOrientations_iPad = "UIInterfaceOrientationPortrait UIInterfaceOrientationPortraitUpsideDown UIInterfaceOrientationLandscapeLeft UIInterfaceOrientationLandscapeRight";
				INFOPLIST_KEY_UISupportedInterfaceOrientations_iPhone = "UIInterfaceOrientationPortrait UIInterfaceOrientationLandscapeLeft UIInterfaceOrientationLandscapeRight";
				LD_RUNPATH_SEARCH_PATHS = (
					"$(inherited)",
					"@executable_path/Frameworks",
				);
				MARKETING_VERSION = 1.0;
				PRODUCT_BUNDLE_IDENTIFIER = com.clydeTest.Extensions;
				PRODUCT_NAME = "$(TARGET_NAME)";
				SWIFT_EMIT_LOC_STRINGS = YES;
				SWIFT_VERSION = 5.0;
				TARGETED_DEVICE_FAMILY = "1,2";
			};
			name = Debug;
		};
		ECA06353282F8CF300DB581F /* Release */ = {
			isa = XCBuildConfiguration;
			buildSettings = {
				ASSETCATALOG_COMPILER_APPICON_NAME = AppIcon;
				ASSETCATALOG_COMPILER_GLOBAL_ACCENT_COLOR_NAME = AccentColor;
				CODE_SIGN_STYLE = Automatic;
				CURRENT_PROJECT_VERSION = 1;
				DEVELOPMENT_TEAM = XLY67UA89A;
				GENERATE_INFOPLIST_FILE = YES;
				INFOPLIST_FILE = Extensions/Source/Info.plist;
				INFOPLIST_KEY_UIApplicationSupportsIndirectInputEvents = YES;
				INFOPLIST_KEY_UILaunchStoryboardName = LaunchScreen;
				INFOPLIST_KEY_UIMainStoryboardFile = Main;
				INFOPLIST_KEY_UISupportedInterfaceOrientations_iPad = "UIInterfaceOrientationPortrait UIInterfaceOrientationPortraitUpsideDown UIInterfaceOrientationLandscapeLeft UIInterfaceOrientationLandscapeRight";
				INFOPLIST_KEY_UISupportedInterfaceOrientations_iPhone = "UIInterfaceOrientationPortrait UIInterfaceOrientationLandscapeLeft UIInterfaceOrientationLandscapeRight";
				LD_RUNPATH_SEARCH_PATHS = (
					"$(inherited)",
					"@executable_path/Frameworks",
				);
				MARKETING_VERSION = 1.0;
				PRODUCT_BUNDLE_IDENTIFIER = com.clydeTest.Extensions;
				PRODUCT_NAME = "$(TARGET_NAME)";
				SWIFT_EMIT_LOC_STRINGS = YES;
				SWIFT_VERSION = 5.0;
				TARGETED_DEVICE_FAMILY = "1,2";
			};
			name = Release;
		};
		ECA06355282F8CF300DB581F /* Debug */ = {
			isa = XCBuildConfiguration;
			buildSettings = {
				ALWAYS_EMBED_SWIFT_STANDARD_LIBRARIES = YES;
				BUNDLE_LOADER = "$(TEST_HOST)";
				CODE_SIGN_STYLE = Automatic;
				CURRENT_PROJECT_VERSION = 1;
				DEVELOPMENT_TEAM = XLY67UA89A;
				GENERATE_INFOPLIST_FILE = YES;
				IPHONEOS_DEPLOYMENT_TARGET = 15.4;
				MARKETING_VERSION = 1.0;
				PRODUCT_BUNDLE_IDENTIFIER = com.clydeTest.ExtensionsTests;
				PRODUCT_NAME = "$(TARGET_NAME)";
				SWIFT_EMIT_LOC_STRINGS = NO;
				SWIFT_VERSION = 5.0;
				TARGETED_DEVICE_FAMILY = "1,2";
				TEST_HOST = "$(BUILT_PRODUCTS_DIR)/Extensions.app/Extensions";
			};
			name = Debug;
		};
		ECA06356282F8CF300DB581F /* Release */ = {
			isa = XCBuildConfiguration;
			buildSettings = {
				ALWAYS_EMBED_SWIFT_STANDARD_LIBRARIES = YES;
				BUNDLE_LOADER = "$(TEST_HOST)";
				CODE_SIGN_STYLE = Automatic;
				CURRENT_PROJECT_VERSION = 1;
				DEVELOPMENT_TEAM = XLY67UA89A;
				GENERATE_INFOPLIST_FILE = YES;
				IPHONEOS_DEPLOYMENT_TARGET = 15.4;
				MARKETING_VERSION = 1.0;
				PRODUCT_BUNDLE_IDENTIFIER = com.clydeTest.ExtensionsTests;
				PRODUCT_NAME = "$(TARGET_NAME)";
				SWIFT_EMIT_LOC_STRINGS = NO;
				SWIFT_VERSION = 5.0;
				TARGETED_DEVICE_FAMILY = "1,2";
				TEST_HOST = "$(BUILT_PRODUCTS_DIR)/Extensions.app/Extensions";
			};
			name = Release;
		};
		ECA06358282F8CF300DB581F /* Debug */ = {
			isa = XCBuildConfiguration;
			buildSettings = {
				ALWAYS_EMBED_SWIFT_STANDARD_LIBRARIES = YES;
				CODE_SIGN_STYLE = Automatic;
				CURRENT_PROJECT_VERSION = 1;
				DEVELOPMENT_TEAM = XLY67UA89A;
				GENERATE_INFOPLIST_FILE = YES;
				MARKETING_VERSION = 1.0;
				PRODUCT_BUNDLE_IDENTIFIER = com.clydeTest.ExtensionsUITests;
				PRODUCT_NAME = "$(TARGET_NAME)";
				SWIFT_EMIT_LOC_STRINGS = NO;
				SWIFT_VERSION = 5.0;
				TARGETED_DEVICE_FAMILY = "1,2";
				TEST_TARGET_NAME = Extensions;
			};
			name = Debug;
		};
		ECA06359282F8CF300DB581F /* Release */ = {
			isa = XCBuildConfiguration;
			buildSettings = {
				ALWAYS_EMBED_SWIFT_STANDARD_LIBRARIES = YES;
				CODE_SIGN_STYLE = Automatic;
				CURRENT_PROJECT_VERSION = 1;
				DEVELOPMENT_TEAM = XLY67UA89A;
				GENERATE_INFOPLIST_FILE = YES;
				MARKETING_VERSION = 1.0;
				PRODUCT_BUNDLE_IDENTIFIER = com.clydeTest.ExtensionsUITests;
				PRODUCT_NAME = "$(TARGET_NAME)";
				SWIFT_EMIT_LOC_STRINGS = NO;
				SWIFT_VERSION = 5.0;
				TARGETED_DEVICE_FAMILY = "1,2";
				TEST_TARGET_NAME = Extensions;
			};
			name = Release;
		};
/* End XCBuildConfiguration section */

/* Begin XCConfigurationList section */
		ECA06322282F8CF100DB581F /* Build configuration list for PBXProject "Extensions" */ = {
			isa = XCConfigurationList;
			buildConfigurations = (
				ECA0634F282F8CF300DB581F /* Debug */,
				ECA06350282F8CF300DB581F /* Release */,
			);
			defaultConfigurationIsVisible = 0;
			defaultConfigurationName = Release;
		};
		ECA06351282F8CF300DB581F /* Build configuration list for PBXNativeTarget "Extensions" */ = {
			isa = XCConfigurationList;
			buildConfigurations = (
				ECA06352282F8CF300DB581F /* Debug */,
				ECA06353282F8CF300DB581F /* Release */,
			);
			defaultConfigurationIsVisible = 0;
			defaultConfigurationName = Release;
		};
		ECA06354282F8CF300DB581F /* Build configuration list for PBXNativeTarget "ExtensionsTests" */ = {
			isa = XCConfigurationList;
			buildConfigurations = (
				ECA06355282F8CF300DB581F /* Debug */,
				ECA06356282F8CF300DB581F /* Release */,
			);
			defaultConfigurationIsVisible = 0;
			defaultConfigurationName = Release;
		};
		ECA06357282F8CF300DB581F /* Build configuration list for PBXNativeTarget "ExtensionsUITests" */ = {
			isa = XCConfigurationList;
			buildConfigurations = (
				ECA06358282F8CF300DB581F /* Debug */,
				ECA06359282F8CF300DB581F /* Release */,
			);
			defaultConfigurationIsVisible = 0;
			defaultConfigurationName = Release;
		};
/* End XCConfigurationList section */
	};
	rootObject = ECA0631F282F8CF100DB581F /* Project object */;
}
